// !$*UTF8*$!
{
	archiveVersion = 1;
	classes = {};
	objectVersion = 56;
	objects = {
		54F02A829D118169D79A593D = { isa = PBXFileReference; lastKnownFileType = sourcecode.cpp.objcpp; path = "ADB/ADBClient.mm"; sourceTree = SOURCE_ROOT; };
		F2AF9F907A70BB41C644FAB1 = { isa = PBXBuildFile; fileRef = 54F02A829D118169D79A593D; };
		FB62854E660E74033B624E4A = { isa = PBXFileReference; lastKnownFileType = sourcecode.cpp.objcpp; path = "ADB/ADBKey.mm"; sourceTree = SOURCE_ROOT; };
		AAACB686976CBC76711AC5E3 = { isa = PBXBuildFile; fileRef = FB62854E660E74033B624E4A; };
		259E37B164500385D5361CB6 = { isa = PBXFileReference; lastKnownFileType = sourcecode.cpp.cpp; path = "ADB/Client.cpp"; sourceTree = SOURCE_ROOT; };
		88FF718082DF6A0CDB09F4A6 = { isa = PBXBuildFile; fileRef = 259E37B164500385D5361CB6; };
		C06FA531180B0F64A12E40F6 = { isa = PBXFileReference; lastKnownFileType = sourcecode.cpp.cpp; path = "ADB/Protocol.cpp"; sourceTree = SOURCE_ROOT; };
		F8DE7BD37A881A97F4B0F2C3 = { isa = PBXBuildFile; fileRef = C06FA531180B0F64A12E40F6; };
		429286C50ECEBA0AC0ED863A = { isa = PBXFileReference; lastKnownFileType = sourcecode.cpp.cpp; path = "ADB/RSAPublicKey.cpp"; sourceTree = SOURCE_ROOT; };
		B70E0D32CE3608EE22164F8D = { isa = PBXBuildFile; fileRef = 429286C50ECEBA0AC0ED863A; };
		E27AC0CB4FD0B82D4F274F17 = { isa = PBXFileReference; lastKnownFileType = sourcecode.swift; path = "App/ADBToolsView.swift"; sourceTree = SOURCE_ROOT; };
		65F0A00B903E0A91BB28FEA8 = { isa = PBXBuildFile; fileRef = E27AC0CB4FD0B82D4F274F17; };
		C14CE34DF942CB877680D3D8 = { isa = PBXFileReference; lastKnownFileType = sourcecode.swift; path = "App/AndroidEmuApp.swift"; sourceTree = SOURCE_ROOT; };
		27A23C91CB6B8A582F76B889 = { isa = PBXBuildFile; fileRef = C14CE34DF942CB877680D3D8; };
		9A6F4C604B787BDE1D5D5D07 = { isa = PBXFileReference; lastKnownFileType = sourcecode.swift; path = "App/DiagnosticsView.swift"; sourceTree = SOURCE_ROOT; };
		7B5E56F53BA626EDBE71016E = { isa = PBXBuildFile; fileRef = 9A6F4C604B787BDE1D5D5D07; };
		ED33C956B299D0921E741400 = { isa = PBXFileReference; lastKnownFileType = sourcecode.swift; path = "App/ImageDownloadsView.swift"; sourceTree = SOURCE_ROOT; };
		B6494A0D2CF25B3EB9025E57 = { isa = PBXBuildFile; fileRef = ED33C956B299D0921E741400; };
		D20096AA7870E17128211D33 = { isa = PBXFileReference; lastKnownFileType = sourcecode.swift; path = "App/LibrarySettingsView.swift"; sourceTree = SOURCE_ROOT; };
		17B6C6E705C50B806C98301E = { isa = PBXBuildFile; fileRef = D20096AA7870E17128211D33; };
		70490DF4EE58F8BB1F06CF8B = { isa = PBXFileReference; lastKnownFileType = sourcecode.swift; path = "App/LibraryView.swift"; sourceTree = SOURCE_ROOT; };
		1C7541B9BFE3904A6B196060 = { isa = PBXBuildFile; fileRef = 70490DF4EE58F8BB1F06CF8B; };
		830ECDDB57F4A4FE243003F5 = { isa = PBXFileReference; lastKnownFileType = sourcecode.swift; path = "App/RuntimeView.swift"; sourceTree = SOURCE_ROOT; };
		FA914936C587884B074A011A = { isa = PBXBuildFile; fileRef = 830ECDDB57F4A4FE243003F5; };
		CA27AF2DFC3A04D1EFFDF13A = { isa = PBXFileReference; lastKnownFileType = sourcecode.cpp.objcpp; path = "Audio/AudioOutput.mm"; sourceTree = SOURCE_ROOT; };
		7E0C7B54AAF4CA863ACDBB9B = { isa = PBXBuildFile; fileRef = CA27AF2DFC3A04D1EFFDF13A; };
		7AC0472CEA9E9AF1412AC285 = { isa = PBXFileReference; lastKnownFileType = sourcecode.swift; path = "Core/Models/AndroidProfile.swift"; sourceTree = SOURCE_ROOT; };
		4EE415B6FD553ADD8984508F = { isa = PBXBuildFile; fileRef = 7AC0472CEA9E9AF1412AC285; };
		D0FF88F382658E5EC396822E = { isa = PBXFileReference; lastKnownFileType = sourcecode.swift; path = "Core/Models/DownloadRetry.swift"; sourceTree = SOURCE_ROOT; };
		3C455F8F5473781A8A4F228A = { isa = PBXBuildFile; fileRef = D0FF88F382658E5EC396822E; };
		5B883558F8C014D3BDDB6F71 = { isa = PBXFileReference; lastKnownFileType = sourcecode.swift; path = "Core/Models/DownloadTransport.swift"; sourceTree = SOURCE_ROOT; };
		7AAB5C680125CF0AB62370FB = { isa = PBXBuildFile; fileRef = 5B883558F8C014D3BDDB6F71; };
		BFD3967D317C3F26BA361A9F = { isa = PBXFileReference; lastKnownFileType = sourcecode.swift; path = "Core/Models/ImageProfile.swift"; sourceTree = SOURCE_ROOT; };
		F41F02D886585971B223BCCC = { isa = PBXBuildFile; fileRef = BFD3967D317C3F26BA361A9F; };
		21FDE6731FDC1E3A62CDC872 = { isa = PBXFileReference; lastKnownFileType = sourcecode.swift; path = "Core/Models/JITRequest.swift"; sourceTree = SOURCE_ROOT; };
		2A6B239FFE2F47CB38BB95A1 = { isa = PBXBuildFile; fileRef = 21FDE6731FDC1E3A62CDC872; };
		DDA6F9E48ECC5D007CB1E974 = { isa = PBXFileReference; lastKnownFileType = sourcecode.swift; path = "Core/Models/ProfileStore.swift"; sourceTree = SOURCE_ROOT; };
		CC9F111CE14222D1DC6A66FB = { isa = PBXBuildFile; fileRef = DDA6F9E48ECC5D007CB1E974; };
		4C9CD36167F95C6D33E079E0 = { isa = PBXFileReference; lastKnownFileType = sourcecode.swift; path = "Core/Models/VMConfiguration.swift"; sourceTree = SOURCE_ROOT; };
		FFF78BE6CBEFCF7A2327FA4A = { isa = PBXBuildFile; fileRef = 4C9CD36167F95C6D33E079E0; };
		1EE91581E0BFA91F56C1E38A = { isa = PBXFileReference; lastKnownFileType = sourcecode.cpp.cpp; path = "Display/FrameMailbox.cpp"; sourceTree = SOURCE_ROOT; };
		92A55D92CC90B79D4086D997 = { isa = PBXBuildFile; fileRef = 1EE91581E0BFA91F56C1E38A; };
		6482FBF468B63704C44C9F07 = { isa = PBXFileReference; lastKnownFileType = sourcecode.cpp.objcpp; path = "Display/MetalDisplay.mm"; sourceTree = SOURCE_ROOT; };
		1292F8D72DE8C43820785161 = { isa = PBXBuildFile; fileRef = 6482FBF468B63704C44C9F07; };
		2B3D8602E23C573899689ECD = { isa = PBXFileReference; lastKnownFileType = sourcecode.metal; path = "Display/Shaders.metal"; sourceTree = SOURCE_ROOT; };
		E9C807A4FEB982CDD0BD4549 = { isa = PBXBuildFile; fileRef = 2B3D8602E23C573899689ECD; };
		EB8369B5D54565F10130BC53 = { isa = PBXFileReference; lastKnownFileType = sourcecode.swift; path = "ImageKit/ImageStore.swift"; sourceTree = SOURCE_ROOT; };
		993B1267375C2E4C046072C5 = { isa = PBXBuildFile; fileRef = EB8369B5D54565F10130BC53; };
		99F734641FE5D8FBB739DCC3 = { isa = PBXFileReference; lastKnownFileType = sourcecode.swift; path = "ImageKit/RemoteImages.swift"; sourceTree = SOURCE_ROOT; };
		DBF457AFE49E4B62684C3C8F = { isa = PBXBuildFile; fileRef = 99F734641FE5D8FBB739DCC3; };
		35ABFE8255C8F4574D0231D9 = { isa = PBXFileReference; lastKnownFileType = sourcecode.cpp.cpp; path = "ImageKit/SparseImage.cpp"; sourceTree = SOURCE_ROOT; };
		982752AE3EE18FACD920F479 = { isa = PBXBuildFile; fileRef = 35ABFE8255C8F4574D0231D9; };
		BE54F0252EEE2A9FAC4A5203 = { isa = PBXFileReference; lastKnownFileType = sourcecode.cpp.cpp; path = "ImageKit/ZipArchive.cpp"; sourceTree = SOURCE_ROOT; };
		813FEFDFD0E9CF70A3EA340C = { isa = PBXBuildFile; fileRef = BE54F0252EEE2A9FAC4A5203; };
		92C5886FF005D31857B47E16 = { isa = PBXFileReference; lastKnownFileType = sourcecode.cpp.objcpp; path = "Input/InputSurface.mm"; sourceTree = SOURCE_ROOT; };
		97FDCEAA4F4A9CDF858BD03E = { isa = PBXBuildFile; fileRef = 92C5886FF005D31857B47E16; };
		A728F62AF0D9EA8C3718FA7E = { isa = PBXFileReference; lastKnownFileType = sourcecode.cpp.cpp; path = "Input/Touch.cpp"; sourceTree = SOURCE_ROOT; };
		CDFE37A03CC10FE97E95CE7B = { isa = PBXBuildFile; fileRef = A728F62AF0D9EA8C3718FA7E; };
		EF813BB7AAB47FC6D60DA83E = { isa = PBXFileReference; lastKnownFileType = sourcecode.cpp.objcpp; path = "JIT/Environment.mm"; sourceTree = SOURCE_ROOT; };
		8AB2E3C6E545099CB866FE82 = { isa = PBXBuildFile; fileRef = EF813BB7AAB47FC6D60DA83E; };
		B8868D3B4AD2B4CBCD0C896C = { isa = PBXFileReference; lastKnownFileType = sourcecode.cpp.objcpp; path = "JIT/JITArena.mm"; sourceTree = SOURCE_ROOT; };
		29F3FF8C3E17FBF96826F5F9 = { isa = PBXBuildFile; fileRef = B8868D3B4AD2B4CBCD0C896C; };
		996D44411DB76DD450CAC7BA = { isa = PBXFileReference; lastKnownFileType = sourcecode.swift; path = "JIT/JITCoordinator.swift"; sourceTree = SOURCE_ROOT; };
		950F5E744E38A8F542163F4C = { isa = PBXBuildFile; fileRef = 996D44411DB76DD450CAC7BA; };
		A3B1200FC06A8254D9EBFE24 = { isa = PBXFileReference; lastKnownFileType = sourcecode.swift; path = "Network/NetworkStatus.swift"; sourceTree = SOURCE_ROOT; };
		2AC6D78A729BDDAE2932B8D9 = { isa = PBXBuildFile; fileRef = A3B1200FC06A8254D9EBFE24; };
		381B75B77E1ACC07C96849C8 = { isa = PBXFileReference; lastKnownFileType = sourcecode.cpp.objcpp; path = "Performance/RuntimeMetrics.mm"; sourceTree = SOURCE_ROOT; };
		B886792A3F076429161DB357 = { isa = PBXBuildFile; fileRef = 381B75B77E1ACC07C96849C8; };
		2FFFB125E3665395D6937837 = { isa = PBXFileReference; lastKnownFileType = sourcecode.cpp.objcpp; path = "QEMUBridge/NativeBridge.mm"; sourceTree = SOURCE_ROOT; };
		6E958E85F03755AF31ACF932 = { isa = PBXBuildFile; fileRef = 2FFFB125E3665395D6937837; };
		C6B34B068D2EA7FCF4E77786 = { isa = PBXFileReference; lastKnownFileType = sourcecode.cpp.objcpp; path = "QEMUBridge/VMController.mm"; sourceTree = SOURCE_ROOT; };
		1A9432C37EA04F3181AAE9D3 = { isa = PBXBuildFile; fileRef = C6B34B068D2EA7FCF4E77786; };
		0303994969DBC21D179E9791 = { isa = PBXFileReference; lastKnownFileType = sourcecode.c.c; path = "ThirdParty/StikJITProtocol/UniversalProtocol.c"; sourceTree = SOURCE_ROOT; };
		6BEB9D067E30B63A89DF9658 = { isa = PBXBuildFile; fileRef = 0303994969DBC21D179E9791; };
		CFF8EF95912352A3146BEF4B = { isa = PBXFileReference; lastKnownFileType = wrapper.framework; path = System/Library/Frameworks/UIKit.framework; sourceTree = SDKROOT; };
		E97B709645AEFCA90D52B434 = { isa = PBXBuildFile; fileRef = CFF8EF95912352A3146BEF4B; };
		2D05F5AFECE7167C0D91C06A = { isa = PBXFileReference; lastKnownFileType = wrapper.framework; path = System/Library/Frameworks/SwiftUI.framework; sourceTree = SDKROOT; };
		5DD1CA5CC11B8638E69E7AAD = { isa = PBXBuildFile; fileRef = 2D05F5AFECE7167C0D91C06A; };
		ECF783A585CBDF9274C4DC94 = { isa = PBXFileReference; lastKnownFileType = wrapper.framework; path = System/Library/Frameworks/Metal.framework; sourceTree = SDKROOT; };
		1C69BE22094FF4947BF98CD6 = { isa = PBXBuildFile; fileRef = ECF783A585CBDF9274C4DC94; };
		ADB2F798BC490B33E00CA323 = { isa = PBXFileReference; lastKnownFileType = wrapper.framework; path = System/Library/Frameworks/MetalKit.framework; sourceTree = SDKROOT; };
		E44E278E1B12A86C0653C4DF = { isa = PBXBuildFile; fileRef = ADB2F798BC490B33E00CA323; };
		C23CFD8B36C652DC1B28BF6B = { isa = PBXFileReference; lastKnownFileType = wrapper.framework; path = System/Library/Frameworks/AVFoundation.framework; sourceTree = SDKROOT; };
		A54A84AE2CA92F2D9F56D100 = { isa = PBXBuildFile; fileRef = C23CFD8B36C652DC1B28BF6B; };
		8F6FB4EB7F42C0E245E29E63 = { isa = PBXFileReference; lastKnownFileType = wrapper.framework; path = System/Library/Frameworks/Security.framework; sourceTree = SDKROOT; };
		3D8E08EBED7F311E885DB4C7 = { isa = PBXBuildFile; fileRef = 8F6FB4EB7F42C0E245E29E63; };
		FE6B800836ACC7F966E884D9 = { isa = PBXFileReference; lastKnownFileType = wrapper.framework; path = System/Library/Frameworks/CoreFoundation.framework; sourceTree = SDKROOT; };
		B320F6F59DB05632259D99FA = { isa = PBXBuildFile; fileRef = FE6B800836ACC7F966E884D9; };
		1744B96470B51BF30935E274 = { isa = PBXFileReference; lastKnownFileType = wrapper.framework; path = System/Library/Frameworks/Network.framework; sourceTree = SDKROOT; };
		A3F5860B5822CB408957717B = { isa = PBXBuildFile; fileRef = 1744B96470B51BF30935E274; };
		F06783F44C0C4D216D786235 = { isa = PBXFileReference; lastKnownFileType = wrapper.framework; path = System/Library/Frameworks/QuartzCore.framework; sourceTree = SDKROOT; };
		DACD418E5DE43B6F58E31A0E = { isa = PBXBuildFile; fileRef = F06783F44C0C4D216D786235; };
		C693279643B8CD5D248172D9 = { isa = PBXFileReference; lastKnownFileType = text; path = "LICENSE"; sourceTree = SOURCE_ROOT; };
		BF50D18A71F323B28EB26CF5 = { isa = PBXBuildFile; fileRef = C693279643B8CD5D248172D9; };
		D448B8E7FEFE6C0BFADADC15 = { isa = PBXFileReference; lastKnownFileType = text; path = "THIRD_PARTY_NOTICES.md"; sourceTree = SOURCE_ROOT; };
		FFC2AA1112578CEE7C367C7D = { isa = PBXBuildFile; fileRef = D448B8E7FEFE6C0BFADADC15; };
		9A00143BD36C16E29BD1E85B = { isa = PBXFileReference; lastKnownFileType = text; path = "ThirdParty/StikJITProtocol/MPL-2.0.txt"; sourceTree = SOURCE_ROOT; };
		230AD4DA3485EB1134FFC113 = { isa = PBXBuildFile; fileRef = 9A00143BD36C16E29BD1E85B; };
		6CCA4AE37F0EE4BCEEFDF9B0 = { isa = PBXFileReference; lastKnownFileType = text; path = "build/guest-kernel/goldfish-highmem.zImage"; sourceTree = SOURCE_ROOT; };
		3E942C4CDDECEB0251F782C6 = { isa = PBXBuildFile; fileRef = 6CCA4AE37F0EE4BCEEFDF9B0; };
		FA1F93206ED5481ED4672D3F = { isa = PBXFileReference; lastKnownFileType = text; path = "build/guest-kernel/goldfish-kernel-COPYING.txt"; sourceTree = SOURCE_ROOT; };
		C16EF27E59E74C226DE51D02 = { isa = PBXBuildFile; fileRef = FA1F93206ED5481ED4672D3F; };
		A8792157CB4F27FB949C035F = { isa = PBXFileReference; explicitFileType = wrapper.application; path = AndroidEmu.app; sourceTree = BUILT_PRODUCTS_DIR; };
		0A3E27B8CA818264D75C8D81 = { isa = PBXGroup; children = (A8792157CB4F27FB949C035F,); name = Products; sourceTree = "<group>"; };
		C8D2DC745BFC63C0D67231CE = { isa = PBXGroup; children = (54F02A829D118169D79A593D,FB62854E660E74033B624E4A,259E37B164500385D5361CB6,C06FA531180B0F64A12E40F6,429286C50ECEBA0AC0ED863A,E27AC0CB4FD0B82D4F274F17,C14CE34DF942CB877680D3D8,9A6F4C604B787BDE1D5D5D07,ED33C956B299D0921E741400,D20096AA7870E17128211D33,70490DF4EE58F8BB1F06CF8B,830ECDDB57F4A4FE243003F5,CA27AF2DFC3A04D1EFFDF13A,7AC0472CEA9E9AF1412AC285,D0FF88F382658E5EC396822E,5B883558F8C014D3BDDB6F71,BFD3967D317C3F26BA361A9F,21FDE6731FDC1E3A62CDC872,DDA6F9E48ECC5D007CB1E974,4C9CD36167F95C6D33E079E0,1EE91581E0BFA91F56C1E38A,6482FBF468B63704C44C9F07,2B3D8602E23C573899689ECD,EB8369B5D54565F10130BC53,99F734641FE5D8FBB739DCC3,35ABFE8255C8F4574D0231D9,BE54F0252EEE2A9FAC4A5203,92C5886FF005D31857B47E16,A728F62AF0D9EA8C3718FA7E,EF813BB7AAB47FC6D60DA83E,B8868D3B4AD2B4CBCD0C896C,996D44411DB76DD450CAC7BA,A3B1200FC06A8254D9EBFE24,381B75B77E1ACC07C96849C8,2FFFB125E3665395D6937837,C6B34B068D2EA7FCF4E77786,0303994969DBC21D179E9791,C693279643B8CD5D248172D9,D448B8E7FEFE6C0BFADADC15,9A00143BD36C16E29BD1E85B,6CCA4AE37F0EE4BCEEFDF9B0,FA1F93206ED5481ED4672D3F,CFF8EF95912352A3146BEF4B,2D05F5AFECE7167C0D91C06A,ECF783A585CBDF9274C4DC94,ADB2F798BC490B33E00CA323,C23CFD8B36C652DC1B28BF6B,8F6FB4EB7F42C0E245E29E63,FE6B800836ACC7F966E884D9,1744B96470B51BF30935E274,F06783F44C0C4D216D786235,0A3E27B8CA818264D75C8D81,); sourceTree = "<group>"; };
		878A52FC5FF6A57D50B7B870 = { isa = PBXSourcesBuildPhase; buildActionMask = 2147483647; files = (F2AF9F907A70BB41C644FAB1,AAACB686976CBC76711AC5E3,88FF718082DF6A0CDB09F4A6,F8DE7BD37A881A97F4B0F2C3,B70E0D32CE3608EE22164F8D,65F0A00B903E0A91BB28FEA8,27A23C91CB6B8A582F76B889,7B5E56F53BA626EDBE71016E,B6494A0D2CF25B3EB9025E57,17B6C6E705C50B806C98301E,1C7541B9BFE3904A6B196060,FA914936C587884B074A011A,7E0C7B54AAF4CA863ACDBB9B,4EE415B6FD553ADD8984508F,3C455F8F5473781A8A4F228A,7AAB5C680125CF0AB62370FB,F41F02D886585971B223BCCC,2A6B239FFE2F47CB38BB95A1,CC9F111CE14222D1DC6A66FB,FFF78BE6CBEFCF7A2327FA4A,92A55D92CC90B79D4086D997,1292F8D72DE8C43820785161,E9C807A4FEB982CDD0BD4549,993B1267375C2E4C046072C5,DBF457AFE49E4B62684C3C8F,982752AE3EE18FACD920F479,813FEFDFD0E9CF70A3EA340C,97FDCEAA4F4A9CDF858BD03E,CDFE37A03CC10FE97E95CE7B,8AB2E3C6E545099CB866FE82,29F3FF8C3E17FBF96826F5F9,950F5E744E38A8F542163F4C,2AC6D78A729BDDAE2932B8D9,B886792A3F076429161DB357,6E958E85F03755AF31ACF932,1A9432C37EA04F3181AAE9D3,6BEB9D067E30B63A89DF9658,); runOnlyForDeploymentPostprocessing = 0; };
		E2AA269EB967A8853A258BFA = { isa = PBXFrameworksBuildPhase; buildActionMask = 2147483647; files = (E97B709645AEFCA90D52B434,5DD1CA5CC11B8638E69E7AAD,1C69BE22094FF4947BF98CD6,E44E278E1B12A86C0653C4DF,A54A84AE2CA92F2D9F56D100,3D8E08EBED7F311E885DB4C7,B320F6F59DB05632259D99FA,A3F5860B5822CB408957717B,DACD418E5DE43B6F58E31A0E,); runOnlyForDeploymentPostprocessing = 0; };
		41D311A605520FC7B8B9A980 = { isa = PBXResourcesBuildPhase; buildActionMask = 2147483647; files = (BF50D18A71F323B28EB26CF5,FFC2AA1112578CEE7C367C7D,230AD4DA3485EB1134FFC113,3E942C4CDDECEB0251F782C6,C16EF27E59E74C226DE51D02,); runOnlyForDeploymentPostprocessing = 0; };
		EDDA600A3F771F810A8065C9 = { isa = XCBuildConfiguration; buildSettings = { APP_DISPLAY_NAME = "AndroidEmu"; ARCHS = "arm64"; CLANG_CXX_LANGUAGE_STANDARD = "c++20"; CLANG_CXX_LIBRARY = "libc++"; CLANG_ENABLE_OBJC_ARC = "YES"; CLANG_WARN_DOCUMENTATION_COMMENTS = "YES"; CLANG_WARN_OBJC_IMPLICIT_RETAIN_SELF = "YES"; CODE_SIGNING_ALLOWED = "NO"; CODE_SIGNING_REQUIRED = "NO"; CODE_SIGN_ENTITLEMENTS = "AndroidEmu.entitlements"; DEBUG_INFORMATION_FORMAT = "dwarf"; ENABLE_BITCODE = "NO"; ENABLE_USER_SCRIPT_SANDBOXING = "YES"; GCC_OPTIMIZATION_LEVEL = "0"; GCC_TREAT_WARNINGS_AS_ERRORS = "YES"; GCC_WARN_INHIBIT_ALL_WARNINGS = "NO"; GENERATE_INFOPLIST_FILE = "NO"; HEADER_SEARCH_PATHS = "$(SRCROOT)"; INFOPLIST_FILE = "App/Info.plist"; IPHONEOS_DEPLOYMENT_TARGET = "17.0"; LD_RUNPATH_SEARCH_PATHS = "@executable_path/Frameworks"; OTHER_LDFLAGS = "$(inherited) -lz"; PRODUCT_BUNDLE_IDENTIFIER = "org.androidemu.app"; PRODUCT_NAME = "AndroidEmu"; SDKROOT = "iphoneos"; SUPPORTED_PLATFORMS = "iphoneos"; SUPPORTS_MACCATALYST = "NO"; SWIFT_OBJC_BRIDGING_HEADER = "QEMUBridge/NativeBridge.h"; SWIFT_OPTIMIZATION_LEVEL = "-Onone"; SWIFT_TREAT_WARNINGS_AS_ERRORS = "YES"; SWIFT_VERSION = "5.0"; TARGETED_DEVICE_FAMILY = "1,2"; }; name = Debug; };
		2B23A31EEC75B029432F2445 = { isa = XCBuildConfiguration; buildSettings = {}; name = Debug; };
		594BCDCC96599D88EF772A08 = { isa = XCBuildConfiguration; buildSettings = { APP_DISPLAY_NAME = "AndroidEmu"; ARCHS = "arm64"; CLANG_CXX_LANGUAGE_STANDARD = "c++20"; CLANG_CXX_LIBRARY = "libc++"; CLANG_ENABLE_OBJC_ARC = "YES"; CLANG_WARN_DOCUMENTATION_COMMENTS = "YES"; CLANG_WARN_OBJC_IMPLICIT_RETAIN_SELF = "YES"; CODE_SIGNING_ALLOWED = "NO"; CODE_SIGNING_REQUIRED = "NO"; CODE_SIGN_ENTITLEMENTS = "AndroidEmu.entitlements"; DEBUG_INFORMATION_FORMAT = "dwarf-with-dsym"; ENABLE_BITCODE = "NO"; ENABLE_USER_SCRIPT_SANDBOXING = "YES"; GCC_OPTIMIZATION_LEVEL = "3"; GCC_TREAT_WARNINGS_AS_ERRORS = "YES"; GCC_WARN_INHIBIT_ALL_WARNINGS = "NO"; GENERATE_INFOPLIST_FILE = "NO"; HEADER_SEARCH_PATHS = "$(SRCROOT)"; INFOPLIST_FILE = "App/Info.plist"; IPHONEOS_DEPLOYMENT_TARGET = "17.0"; LD_RUNPATH_SEARCH_PATHS = "@executable_path/Frameworks"; OTHER_LDFLAGS = "$(inherited) -lz"; PRODUCT_BUNDLE_IDENTIFIER = "org.androidemu.app"; PRODUCT_NAME = "AndroidEmu"; SDKROOT = "iphoneos"; SUPPORTED_PLATFORMS = "iphoneos"; SUPPORTS_MACCATALYST = "NO"; SWIFT_OBJC_BRIDGING_HEADER = "QEMUBridge/NativeBridge.h"; SWIFT_OPTIMIZATION_LEVEL = "-O"; SWIFT_TREAT_WARNINGS_AS_ERRORS = "YES"; SWIFT_VERSION = "5.0"; TARGETED_DEVICE_FAMILY = "1,2"; }; name = Release; };
		07CA1E69F6068DEA30A4DA6B = { isa = XCBuildConfiguration; buildSettings = {}; name = Release; };
		CE4CD5ACDBC4A8D938AD23C0 = { isa = XCConfigurationList; buildConfigurations = (EDDA600A3F771F810A8065C9,594BCDCC96599D88EF772A08,); defaultConfigurationIsVisible = 0; defaultConfigurationName = Release; };
		F905B102B4F13BD6617D8EB3 = { isa = XCConfigurationList; buildConfigurations = (2B23A31EEC75B029432F2445,07CA1E69F6068DEA30A4DA6B,); defaultConfigurationIsVisible = 0; defaultConfigurationName = Release; };
		34A04005BCAF206EEC990BD9 = { isa = PBXNativeTarget; buildConfigurationList = CE4CD5ACDBC4A8D938AD23C0; buildPhases = (878A52FC5FF6A57D50B7B870,E2AA269EB967A8853A258BFA,41D311A605520FC7B8B9A980,); buildRules = (); dependencies = (); name = AndroidEmu; productName = AndroidEmu; productReference = A8792157CB4F27FB949C035F; productType = "com.apple.product-type.application"; };
		244210E48437B6556980A702 = { isa = PBXProject; attributes = { LastUpgradeCheck = 2600; }; buildConfigurationList = F905B102B4F13BD6617D8EB3; compatibilityVersion = "Xcode 14.0"; developmentRegion = en; hasScannedForEncodings = 0; knownRegions = (en,ja,Base,); mainGroup = C8D2DC745BFC63C0D67231CE; productRefGroup = 0A3E27B8CA818264D75C8D81; projectDirPath = ""; projectRoot = ""; targets = (34A04005BCAF206EEC990BD9,); };
	};
	rootObject = 244210E48437B6556980A702;
}
